
Microsoft Visual Studio Solution File, Format Version 12.00
# Visual Studio Version 17
VisualStudioVersion = 17.5.002.0
MinimumVisualStudioVersion = 10.0.40219.1
Project("{9A19103F-16F7-4668-BE54-9A1E7A4F7556}") = "SipCallApp", "SipCallApp.csproj", "{AEB23EE4-9EB8-4501-8946-F7FB8F807973}"
EndProject
Global
	GlobalSection(SolutionConfigurationPlatforms) = preSolution
		Debug|Any CPU = Debug|Any CPU
		Release|Any CPU = Release|Any CPU
	EndGlobalSection
	GlobalSection(ProjectConfigurationPlatforms) = postSolution
		{AEB23EE4-9EB8-4501-8946-F7FB8F807973}.Debug|Any CPU.ActiveCfg = Debug|Any CPU
		{AEB23EE4-9EB8-4501-8946-F7FB8F807973}.Debug|Any CPU.Build.0 = Debug|Any CPU
		{AEB23EE4-9EB8-4501-8946-F7FB8F807973}.Release|Any CPU.ActiveCfg = Release|Any CPU
		{AEB23EE4-9EB8-4501-8946-F7FB8F807973}.Release|Any CPU.Build.0 = Release|Any CPU
	EndGlobalSection
	GlobalSection(SolutionProperties) = preSolution
		HideSolutionNode = FALSE
	EndGlobalSection
	GlobalSection(ExtensibilityGlobals) = postSolution
		SolutionGuid = {F948175F-30DC-4085-BD0B-04EFEE031151}
	EndGlobalSection
EndGlobal
